
Microsoft Visual Studio Solution File, Format Version 12.00
# Visual Studio Version 16
VisualStudioVersion = 16.0.31410.357
MinimumVisualStudioVersion = 10.0.40219.1
Project("{FAE04EC0-301F-11D3-BF4B-00C04F79EFBC}") = "Banca", "Banca.csproj", "{8AC7931D-166A-4A52-A0B8-1CF52E83606F}"
EndProject
Global
	GlobalSection(SolutionConfigurationPlatforms) = preSolution
		Debug|Any CPU = Debug|Any CPU
		Release|Any CPU = Release|Any CPU
	EndGlobalSection
	GlobalSection(ProjectConfigurationPlatforms) = postSolution
		{8AC7931D-166A-4A52-A0B8-1CF52E83606F}.Debug|Any CPU.ActiveCfg = Debug|Any CPU
		{8AC7931D-166A-4A52-A0B8-1CF52E83606F}.Debug|Any CPU.Build.0 = Debug|Any CPU
		{8AC7931D-166A-4A52-A0B8-1CF52E83606F}.Release|Any CPU.ActiveCfg = Release|Any CPU
		{8AC7931D-166A-4A52-A0B8-1CF52E83606F}.Release|Any CPU.Build.0 = Release|Any CPU
	EndGlobalSection
	GlobalSection(SolutionProperties) = preSolution
		HideSolutionNode = FALSE
	EndGlobalSection
	GlobalSection(ExtensibilityGlobals) = postSolution
		SolutionGuid = {45C751A2-AE15-4885-9C4A-F5DBF515E092}
	EndGlobalSection
EndGlobal
